
Microsoft Visual Studio Solution File, Format Version 12.00
# Visual Studio 14
VisualStudioVersion = 14.0.24720.0
MinimumVisualStudioVersion = 10.0.40219.1
Project("{FAE04EC0-301F-11D3-BF4B-00C04F79EFBC}") = "DataConnection", "DataConnection\DataConnection.csproj", "{E07B5EF7-E489-43F1-BB55-DFDFE4605824}"
EndProject
Project("{FAE04EC0-301F-11D3-BF4B-00C04F79EFBC}") = "DataReader", "DataReader\DataReader.csproj", "{228B4A70-0F32-48D5-AB1E-BC39B4B7C6B1}"
EndProject
Project("{FAE04EC0-301F-11D3-BF4B-00C04F79EFBC}") = "BglFileHandle", "BglFileHandle\BglFileHandle.csproj", "{B944AFC4-B2C2-4D88-A705-72DEBD1FE8FF}"
EndProject
Project("{FAE04EC0-301F-11D3-BF4B-00C04F79EFBC}") = "YapbtHandle", "YapbtHandle\YapbtHandle.csproj", "{8192E95A-AF42-47B5-A388-97432C95D23B}"
EndProject
Project("{FAE04EC0-301F-11D3-BF4B-00C04F79EFBC}") = "Codes", "Codes\Codes.csproj", "{84763FC4-1E66-43E5-B8CA-40F20BE65C94}"
EndProject
Project("{FAE04EC0-301F-11D3-BF4B-00C04F79EFBC}") = "YapbtEditor", "YapbtEditor\YapbtEditor.csproj", "{3945DDB6-67EC-4E95-99AB-0165120EB970}"
EndProject
Global
	GlobalSection(SolutionConfigurationPlatforms) = preSolution
		Debug|Any CPU = Debug|Any CPU
		Release|Any CPU = Release|Any CPU
	EndGlobalSection
	GlobalSection(ProjectConfigurationPlatforms) = postSolution
		{E07B5EF7-E489-43F1-BB55-DFDFE4605824}.Debug|Any CPU.ActiveCfg = Debug|Any CPU
		{E07B5EF7-E489-43F1-BB55-DFDFE4605824}.Debug|Any CPU.Build.0 = Debug|Any CPU
		{E07B5EF7-E489-43F1-BB55-DFDFE4605824}.Release|Any CPU.ActiveCfg = Release|Any CPU
		{E07B5EF7-E489-43F1-BB55-DFDFE4605824}.Release|Any CPU.Build.0 = Release|Any CPU
		{228B4A70-0F32-48D5-AB1E-BC39B4B7C6B1}.Debug|Any CPU.ActiveCfg = Debug|Any CPU
		{228B4A70-0F32-48D5-AB1E-BC39B4B7C6B1}.Debug|Any CPU.Build.0 = Debug|Any CPU
		{228B4A70-0F32-48D5-AB1E-BC39B4B7C6B1}.Release|Any CPU.ActiveCfg = Release|Any CPU
		{228B4A70-0F32-48D5-AB1E-BC39B4B7C6B1}.Release|Any CPU.Build.0 = Release|Any CPU
		{B944AFC4-B2C2-4D88-A705-72DEBD1FE8FF}.Debug|Any CPU.ActiveCfg = Debug|Any CPU
		{B944AFC4-B2C2-4D88-A705-72DEBD1FE8FF}.Debug|Any CPU.Build.0 = Debug|Any CPU
		{B944AFC4-B2C2-4D88-A705-72DEBD1FE8FF}.Release|Any CPU.ActiveCfg = Release|Any CPU
		{B944AFC4-B2C2-4D88-A705-72DEBD1FE8FF}.Release|Any CPU.Build.0 = Release|Any CPU
		{8192E95A-AF42-47B5-A388-97432C95D23B}.Debug|Any CPU.ActiveCfg = Debug|Any CPU
		{8192E95A-AF42-47B5-A388-97432C95D23B}.Debug|Any CPU.Build.0 = Debug|Any CPU
		{8192E95A-AF42-47B5-A388-97432C95D23B}.Release|Any CPU.ActiveCfg = Release|Any CPU
		{8192E95A-AF42-47B5-A388-97432C95D23B}.Release|Any CPU.Build.0 = Release|Any CPU
		{84763FC4-1E66-43E5-B8CA-40F20BE65C94}.Debug|Any CPU.ActiveCfg = Debug|Any CPU
		{84763FC4-1E66-43E5-B8CA-40F20BE65C94}.Debug|Any CPU.Build.0 = Debug|Any CPU
		{84763FC4-1E66-43E5-B8CA-40F20BE65C94}.Release|Any CPU.ActiveCfg = Release|Any CPU
		{84763FC4-1E66-43E5-B8CA-40F20BE65C94}.Release|Any CPU.Build.0 = Release|Any CPU
		{3945DDB6-67EC-4E95-99AB-0165120EB970}.Debug|Any CPU.ActiveCfg = Debug|Any CPU
		{3945DDB6-67EC-4E95-99AB-0165120EB970}.Debug|Any CPU.Build.0 = Debug|Any CPU
		{3945DDB6-67EC-4E95-99AB-0165120EB970}.Release|Any CPU.ActiveCfg = Release|Any CPU
		{3945DDB6-67EC-4E95-99AB-0165120EB970}.Release|Any CPU.Build.0 = Release|Any CPU
	EndGlobalSection
	GlobalSection(SolutionProperties) = preSolution
		HideSolutionNode = FALSE
	EndGlobalSection
EndGlobal
